
Microsoft Visual Studio Solution File, Format Version 12.00
# Visual Studio Version 17
VisualStudioVersion = 17.5.002.0
MinimumVisualStudioVersion = 10.0.40219.1
Project("{9A19103F-16F7-4668-BE54-9A1E7A4F7556}") = "ReStore.Core", "ReStore.Core\ReStore.Core.csproj", "{2F83696C-C34C-421F-895A-42CA7F038228}"
EndProject
Project("{9A19103F-16F7-4668-BE54-9A1E7A4F7556}") = "ReStore", "ReStore\ReStore.csproj", "{D14CFA9E-7E1D-4E0C-8E2F-3C7B48C6C5D3}"
EndProject
Global
	GlobalSection(SolutionConfigurationPlatforms) = preSolution
		Debug|Any CPU = Debug|Any CPU
		Release|Any CPU = Release|Any CPU
	EndGlobalSection
	GlobalSection(ProjectConfigurationPlatforms) = postSolution
		{2F83696C-C34C-421F-895A-42CA7F038228}.Debug|Any CPU.ActiveCfg = Debug|Any CPU
		{2F83696C-C34C-421F-895A-42CA7F038228}.Debug|Any CPU.Build.0 = Debug|Any CPU
		{2F83696C-C34C-421F-895A-42CA7F038228}.Release|Any CPU.ActiveCfg = Release|Any CPU
		{2F83696C-C34C-421F-895A-42CA7F038228}.Release|Any CPU.Build.0 = Release|Any CPU
		{D14CFA9E-7E1D-4E0C-8E2F-3C7B48C6C5D3}.Debug|Any CPU.ActiveCfg = Debug|Any CPU
		{D14CFA9E-7E1D-4E0C-8E2F-3C7B48C6C5D3}.Debug|Any CPU.Build.0 = Debug|Any CPU
		{D14CFA9E-7E1D-4E0C-8E2F-3C7B48C6C5D3}.Release|Any CPU.ActiveCfg = Release|Any CPU
		{D14CFA9E-7E1D-4E0C-8E2F-3C7B48C6C5D3}.Release|Any CPU.Build.0 = Release|Any CPU
	EndGlobalSection
	GlobalSection(SolutionProperties) = preSolution
		HideSolutionNode = FALSE
	EndGlobalSection
	GlobalSection(ExtensibilityGlobals) = postSolution
		SolutionGuid = {744A6AD7-36E7-44B6-A4E5-60DC69392510}
	EndGlobalSection
EndGlobal
